// !$*UTF8*$!
{
	archiveVersion = 1;
	classes = {
	};
	objectVersion = 46;
	objects = {

/* Begin PBXBuildFile section */
		CF2534DE1C800DF00032131D /* main.m in Sources */ = {isa = PBXBuildFile; fileRef = CF2534DD1C800DF00032131D /* main.m */; };
		CF2534E11C800DF00032131D /* AppDelegate.m in Sources */ = {isa = PBXBuildFile; fileRef = CF2534E01C800DF00032131D /* AppDelegate.m */; };
		CF2534E41C800DF00032131D /* ViewController.m in Sources */ = {isa = PBXBuildFile; fileRef = CF2534E31C800DF00032131D /* ViewController.m */; };
		CF2534E71C800DF00032131D /* Main.storyboard in Resources */ = {isa = PBXBuildFile; fileRef = CF2534E51C800DF00032131D /* Main.storyboard */; };
		CF2534E91C800DF00032131D /* Assets.xcassets in Resources */ = {isa = PBXBuildFile; fileRef = CF2534E81C800DF00032131D /* Assets.xcassets */; };
		CF2534EC1C800DF00032131D /* LaunchScreen.storyboard in Resources */ = {isa = PBXBuildFile; fileRef = CF2534EA1C800DF00032131D /* LaunchScreen.storyboard */; };
		CF2534F71C800DF10032131D /* _____gitTests.m in Sources */ = {isa = PBXBuildFile; fileRef = CF2534F61C800DF10032131D /* _____gitTests.m */; };
		CF2535021C800DF10032131D /* _____gitUITests.m in Sources */ = {isa = PBXBuildFile; fileRef = CF2535011C800DF10032131D /* _____gitUITests.m */; };
/* End PBXBuildFile section */

/* Begin PBXContainerItemProxy section */
		CF2534F31C800DF10032131D /* PBXContainerItemProxy */ = {
			isa = PBXContainerItemProxy;
			containerPortal = CF2534D11C800DF00032131D /* Project object */;
			proxyType = 1;
			remoteGlobalIDString = CF2534D81C800DF00032131D;
			remoteInfo = "第一次使用git";
		};
		CF2534FE1C800DF10032131D /* PBXContainerItemProxy */ = {
			isa = PBXContainerItemProxy;
			containerPortal = CF2534D11C800DF00032131D /* Project object */;
			proxyType = 1;
			remoteGlobalIDString = CF2534D81C800DF00032131D;
			remoteInfo = "第一次使用git";
		};
/* End PBXContainerItemProxy section */

/* Begin PBXFileReference section */
		CF2534D91C800DF00032131D /* 第一次使用git.app */ = {isa = PBXFileReference; explicitFileType = wrapper.application; includeInIndex = 0; path = "第一次使用git.app"; sourceTree = BUILT_PRODUCTS_DIR; };
		CF2534DD1C800DF00032131D /* main.m */ = {isa = PBXFileReference; lastKnownFileType = sourcecode.c.objc; path = main.m; sourceTree = "<group>"; };
		CF2534DF1C800DF00032131D /* AppDelegate.h */ = {isa = PBXFileReference; lastKnownFileType = sourcecode.c.h; path = AppDelegate.h; sourceTree = "<group>"; };
		CF2534E01C800DF00032131D /* AppDelegate.m */ = {isa = PBXFileReference; lastKnownFileType = sourcecode.c.objc; path = AppDelegate.m; sourceTree = "<group>"; };
		CF2534E21C800DF00032131D /* ViewController.h */ = {isa = PBXFileReference; lastKnownFileType = sourcecode.c.h; path = ViewController.h; sourceTree = "<group>"; };
		CF2534E31C800DF00032131D /* ViewController.m */ = {isa = PBXFileReference; lastKnownFileType = sourcecode.c.objc; path = ViewController.m; sourceTree = "<group>"; };
		CF2534E61C800DF00032131D /* Base */ = {isa = PBXFileReference; lastKnownFileType = file.storyboard; name = Base; path = Base.lproj/Main.storyboard; sourceTree = "<group>"; };
		CF2534E81C800DF00032131D /* Assets.xcassets */ = {isa = PBXFileReference; lastKnownFileType = folder.assetcatalog; path = Assets.xcassets; sourceTree = "<group>"; };
		CF2534EB1C800DF00032131D /* Base */ = {isa = PBXFileReference; lastKnownFileType = file.storyboard; name = Base; path = Base.lproj/LaunchScreen.storyboard; sourceTree = "<group>"; };
		CF2534ED1C800DF10032131D /* Info.plist */ = {isa = PBXFileReference; lastKnownFileType = text.plist.xml; path = Info.plist; sourceTree = "<group>"; };
		CF2534F21C800DF10032131D /* 第一次使用gitTests.xctest */ = {isa = PBXFileReference; explicitFileType = wrapper.cfbundle; includeInIndex = 0; path = "第一次使用gitTests.xctest"; sourceTree = BUILT_PRODUCTS_DIR; };
		CF2534F61C800DF10032131D /* _____gitTests.m */ = {isa = PBXFileReference; lastKnownFileType = sourcecode.c.objc; path = "_____gitTests.m"; sourceTree = "<group>"; };
		CF2534F81C800DF10032131D /* Info.plist */ = {isa = PBXFileReference; lastKnownFileType = text.plist.xml; path = Info.plist; sourceTree = "<group>"; };
		CF2534FD1C800DF10032131D /* 第一次使用gitUITests.xctest */ = {isa = PBXFileReference; explicitFileType = wrapper.cfbundle; includeInIndex = 0; path = "第一次使用gitUITests.xctest"; sourceTree = BUILT_PRODUCTS_DIR; };
		CF2535011C800DF10032131D /* _____gitUITests.m */ = {isa = PBXFileReference; lastKnownFileType = sourcecode.c.objc; path = "_____gitUITests.m"; sourceTree = "<group>"; };
		CF2535031C800DF10032131D /* Info.plist */ = {isa = PBXFileReference; lastKnownFileType = text.plist.xml; path = Info.plist; sourceTree = "<group>"; };
/* End PBXFileReference section */

/* Begin PBXFrameworksBuildPhase section */
		CF2534D61C800DF00032131D /* Frameworks */ = {
			isa = PBXFrameworksBuildPhase;
			buildActionMask = 2147483647;
			files = (
			);
			runOnlyForDeploymentPostprocessing = 0;
		};
		CF2534EF1C800DF10032131D /* Frameworks */ = {
			isa = PBXFrameworksBuildPhase;
			buildActionMask = 2147483647;
			files = (
			);
			runOnlyForDeploymentPostprocessing = 0;
		};
		CF2534FA1C800DF10032131D /* Frameworks */ = {
			isa = PBXFrameworksBuildPhase;
			buildActionMask = 2147483647;
			files = (
			);
			runOnlyForDeploymentPostprocessing = 0;
		};
/* End PBXFrameworksBuildPhase section */

/* Begin PBXGroup section */
		CF2534D01C800DF00032131D = {
			isa = PBXGroup;
			children = (
				CF2534DB1C800DF00032131D /* 第一次使用git */,
				CF2534F51C800DF10032131D /* 第一次使用gitTests */,
				CF2535001C800DF10032131D /* 第一次使用gitUITests */,
				CF2534DA1C800DF00032131D /* Products */,
			);
			sourceTree = "<group>";
		};
		CF2534DA1C800DF00032131D /* Products */ = {
			isa = PBXGroup;
			children = (
				CF2534D91C800DF00032131D /* 第一次使用git.app */,
				CF2534F21C800DF10032131D /* 第一次使用gitTests.xctest */,
				CF2534FD1C800DF10032131D /* 第一次使用gitUITests.xctest */,
			);
			name = Products;
			sourceTree = "<group>";
		};
		CF2534DB1C800DF00032131D /* 第一次使用git */ = {
			isa = PBXGroup;
			children = (
				CF2534DF1C800DF00032131D /* AppDelegate.h */,
				CF2534E01C800DF00032131D /* AppDelegate.m */,
				CF2534E21C800DF00032131D /* ViewController.h */,
				CF2534E31C800DF00032131D /* ViewController.m */,
				CF2534E51C800DF00032131D /* Main.storyboard */,
				CF2534E81C800DF00032131D /* Assets.xcassets */,
				CF2534EA1C800DF00032131D /* LaunchScreen.storyboard */,
				CF2534ED1C800DF10032131D /* Info.plist */,
				CF2534DC1C800DF00032131D /* Supporting Files */,
			);
			path = "第一次使用git";
			sourceTree = "<group>";
		};
		CF2534DC1C800DF00032131D /* Supporting Files */ = {
			isa = PBXGroup;
			children = (
				CF2534DD1C800DF00032131D /* main.m */,
			);
			name = "Supporting Files";
			sourceTree = "<group>";
		};
		CF2534F51C800DF10032131D /* 第一次使用gitTests */ = {
			isa = PBXGroup;
			children = (
				CF2534F61C800DF10032131D /* _____gitTests.m */,
				CF2534F81C800DF10032131D /* Info.plist */,
			);
			path = "第一次使用gitTests";
			sourceTree = "<group>";
		};
		CF2535001C800DF10032131D /* 第一次使用gitUITests */ = {
			isa = PBXGroup;
			children = (
				CF2535011C800DF10032131D /* _____gitUITests.m */,
				CF2535031C800DF10032131D /* Info.plist */,
			);
			path = "第一次使用gitUITests";
			sourceTree = "<group>";
		};
/* End PBXGroup section */

/* Begin PBXNativeTarget section */
		CF2534D81C800DF00032131D /* 第一次使用git */ = {
			isa = PBXNativeTarget;
			buildConfigurationList = CF2535061C800DF10032131D /* Build configuration list for PBXNativeTarget "第一次使用git" */;
			buildPhases = (
				CF2534D51C800DF00032131D /* Sources */,
				CF2534D61C800DF00032131D /* Frameworks */,
				CF2534D71C800DF00032131D /* Resources */,
			);
			buildRules = (
			);
			dependencies = (
			);
			name = "第一次使用git";
			productName = "第一次使用git";
			productReference = CF2534D91C800DF00032131D /* 第一次使用git.app */;
			productType = "com.apple.product-type.application";
		};
		CF2534F11C800DF10032131D /* 第一次使用gitTests */ = {
			isa = PBXNativeTarget;
			buildConfigurationList = CF2535091C800DF10032131D /* Build configuration list for PBXNativeTarget "第一次使用gitTests" */;
			buildPhases = (
				CF2534EE1C800DF10032131D /* Sources */,
				CF2534EF1C800DF10032131D /* Frameworks */,
				CF2534F01C800DF10032131D /* Resources */,
			);
			buildRules = (
			);
			dependencies = (
				CF2534F41C800DF10032131D /* PBXTargetDependency */,
			);
			name = "第一次使用gitTests";
			productName = "第一次使用gitTests";
			productReference = CF2534F21C800DF10032131D /* 第一次使用gitTests.xctest */;
			productType = "com.apple.product-type.bundle.unit-test";
		};
		CF2534FC1C800DF10032131D /* 第一次使用gitUITests */ = {
			isa = PBXNativeTarget;
			buildConfigurationList = CF25350C1C800DF10032131D /* Build configuration list for PBXNativeTarget "第一次使用gitUITests" */;
			buildPhases = (
				CF2534F91C800DF10032131D /* Sources */,
				CF2534FA1C800DF10032131D /* Frameworks */,
				CF2534FB1C800DF10032131D /* Resources */,
			);
			buildRules = (
			);
			dependencies = (
				CF2534FF1C800DF10032131D /* PBXTargetDependency */,
			);
			name = "第一次使用gitUITests";
			productName = "第一次使用gitUITests";
			productReference = CF2534FD1C800DF10032131D /* 第一次使用gitUITests.xctest */;
			productType = "com.apple.product-type.bundle.ui-testing";
		};
/* End PBXNativeTarget section */

/* Begin PBXProject section */
		CF2534D11C800DF00032131D /* Project object */ = {
			isa = PBXProject;
			attributes = {
				LastUpgradeCheck = 0710;
				ORGANIZATIONNAME = "冯庄玥";
				TargetAttributes = {
					CF2534D81C800DF00032131D = {
						CreatedOnToolsVersion = 7.1.1;
						DevelopmentTeam = K6Y3JVC5QN;
					};
					CF2534F11C800DF10032131D = {
						CreatedOnToolsVersion = 7.1.1;
						DevelopmentTeam = K6Y3JVC5QN;
						TestTargetID = CF2534D81C800DF00032131D;
					};
					CF2534FC1C800DF10032131D = {
						CreatedOnToolsVersion = 7.1.1;
						DevelopmentTeam = K6Y3JVC5QN;
						TestTargetID = CF2534D81C800DF00032131D;
					};
				};
			};
			buildConfigurationList = CF2534D41C800DF00032131D /* Build configuration list for PBXProject "第一次使用git" */;
			compatibilityVersion = "Xcode 3.2";
			developmentRegion = English;
			hasScannedForEncodings = 0;
			knownRegions = (
				en,
				Base,
			);
			mainGroup = CF2534D01C800DF00032131D;
			productRefGroup = CF2534DA1C800DF00032131D /* Products */;
			projectDirPath = "";
			projectRoot = "";
			targets = (
				CF2534D81C800DF00032131D /* 第一次使用git */,
				CF2534F11C800DF10032131D /* 第一次使用gitTests */,
				CF2534FC1C800DF10032131D /* 第一次使用gitUITests */,
			);
		};
/* End PBXProject section */

/* Begin PBXResourcesBuildPhase section */
		CF2534D71C800DF00032131D /* Resources */ = {
			isa = PBXResourcesBuildPhase;
			buildActionMask = 2147483647;
			files = (
				CF2534EC1C800DF00032131D /* LaunchScreen.storyboard in Resources */,
				CF2534E91C800DF00032131D /* Assets.xcassets in Resources */,
				CF2534E71C800DF00032131D /* Main.storyboard in Resources */,
			);
			runOnlyForDeploymentPostprocessing = 0;
		};
		CF2534F01C800DF10032131D /* Resources */ = {
			isa = PBXResourcesBuildPhase;
			buildActionMask = 2147483647;
			files = (
			);
			runOnlyForDeploymentPostprocessing = 0;
		};
		CF2534FB1C800DF10032131D /* Resources */ = {
			isa = PBXResourcesBuildPhase;
			buildActionMask = 2147483647;
			files = (
			);
			runOnlyForDeploymentPostprocessing = 0;
		};
/* End PBXResourcesBuildPhase section */

/* Begin PBXSourcesBuildPhase section */
		CF2534D51C800DF00032131D /* Sources */ = {
			isa = PBXSourcesBuildPhase;
			buildActionMask = 2147483647;
			files = (
				CF2534E41C800DF00032131D /* ViewController.m in Sources */,
				CF2534E11C800DF00032131D /* AppDelegate.m in Sources */,
				CF2534DE1C800DF00032131D /* main.m in Sources */,
			);
			runOnlyForDeploymentPostprocessing = 0;
		};
		CF2534EE1C800DF10032131D /* Sources */ = {
			isa = PBXSourcesBuildPhase;
			buildActionMask = 2147483647;
			files = (
				CF2534F71C800DF10032131D /* _____gitTests.m in Sources */,
			);
			runOnlyForDeploymentPostprocessing = 0;
		};
		CF2534F91C800DF10032131D /* Sources */ = {
			isa = PBXSourcesBuildPhase;
			buildActionMask = 2147483647;
			files = (
				CF2535021C800DF10032131D /* _____gitUITests.m in Sources */,
			);
			runOnlyForDeploymentPostprocessing = 0;
		};
/* End PBXSourcesBuildPhase section */

/* Begin PBXTargetDependency section */
		CF2534F41C800DF10032131D /* PBXTargetDependency */ = {
			isa = PBXTargetDependency;
			target = CF2534D81C800DF00032131D /* 第一次使用git */;
			targetProxy = CF2534F31C800DF10032131D /* PBXContainerItemProxy */;
		};
		CF2534FF1C800DF10032131D /* PBXTargetDependency */ = {
			isa = PBXTargetDependency;
			target = CF2534D81C800DF00032131D /* 第一次使用git */;
			targetProxy = CF2534FE1C800DF10032131D /* PBXContainerItemProxy */;
		};
/* End PBXTargetDependency section */

/* Begin PBXVariantGroup section */
		CF2534E51C800DF00032131D /* Main.storyboard */ = {
			isa = PBXVariantGroup;
			children = (
				CF2534E61C800DF00032131D /* Base */,
			);
			name = Main.storyboard;
			sourceTree = "<group>";
		};
		CF2534EA1C800DF00032131D /* LaunchScreen.storyboard */ = {
			isa = PBXVariantGroup;
			children = (
				CF2534EB1C800DF00032131D /* Base */,
			);
			name = LaunchScreen.storyboard;
			sourceTree = "<group>";
		};
/* End PBXVariantGroup section */

/* Begin XCBuildConfiguration section */
		CF2535041C800DF10032131D /* Debug */ = {
			isa = XCBuildConfiguration;
			buildSettings = {
				ALWAYS_SEARCH_USER_PATHS = NO;
				CLANG_CXX_LANGUAGE_STANDARD = "gnu++0x";
				CLANG_CXX_LIBRARY = "libc++";
				CLANG_ENABLE_MODULES = YES;
				CLANG_ENABLE_OBJC_ARC = YES;
				CLANG_WARN_BOOL_CONVERSION = YES;
				CLANG_WARN_CONSTANT_CONVERSION = YES;
				CLANG_WARN_DIRECT_OBJC_ISA_USAGE = YES_ERROR;
				CLANG_WARN_EMPTY_BODY = YES;
				CLANG_WARN_ENUM_CONVERSION = YES;
				CLANG_WARN_INT_CONVERSION = YES;
				CLANG_WARN_OBJC_ROOT_CLASS = YES_ERROR;
				CLANG_WARN_UNREACHABLE_CODE = YES;
				CLANG_WARN__DUPLICATE_METHOD_MATCH = YES;
				"CODE_SIGN_IDENTITY[sdk=iphoneos*]" = "iPhone Developer";
				COPY_PHASE_STRIP = NO;
				DEBUG_INFORMATION_FORMAT = dwarf;
				ENABLE_STRICT_OBJC_MSGSEND = YES;
				ENABLE_TESTABILITY = YES;
				GCC_C_LANGUAGE_STANDARD = gnu99;
				GCC_DYNAMIC_NO_PIC = NO;
				GCC_NO_COMMON_BLOCKS = YES;
				GCC_OPTIMIZATION_LEVEL = 0;
				GCC_PREPROCESSOR_DEFINITIONS = (
					"DEBUG=1",
					"$(inherited)",
				);
				GCC_WARN_64_TO_32_BIT_CONVERSION = YES;
				GCC_WARN_ABOUT_RETURN_TYPE = YES_ERROR;
				GCC_WARN_UNDECLARED_SELECTOR = YES;
				GCC_WARN_UNINITIALIZED_AUTOS = YES_AGGRESSIVE;
				GCC_WARN_UNUSED_FUNCTION = YES;
				GCC_WARN_UNUSED_VARIABLE = YES;
				IPHONEOS_DEPLOYMENT_TARGET = 9.1;
				MTL_ENABLE_DEBUG_INFO = YES;
				ONLY_ACTIVE_ARCH = YES;
				SDKROOT = iphoneos;
			};
			name = Debug;
		};
		CF2535051C800DF10032131D /* Release */ = {
			isa = XCBuildConfiguration;
			buildSettings = {
				ALWAYS_SEARCH_USER_PATHS = NO;
				CLANG_CXX_LANGUAGE_STANDARD = "gnu++0x";
				CLANG_CXX_LIBRARY = "libc++";
				CLANG_ENABLE_MODULES = YES;
				CLANG_ENABLE_OBJC_ARC = YES;
				CLANG_WARN_BOOL_CONVERSION = YES;
				CLANG_WARN_CONSTANT_CONVERSION = YES;
				CLANG_WARN_DIRECT_OBJC_ISA_USAGE = YES_ERROR;
				CLANG_WARN_EMPTY_BODY = YES;
				CLANG_WARN_ENUM_CONVERSION = YES;
				CLANG_WARN_INT_CONVERSION = YES;
				CLANG_WARN_OBJC_ROOT_CLASS = YES_ERROR;
				CLANG_WARN_UNREACHABLE_CODE = YES;
				CLANG_WARN__DUPLICATE_METHOD_MATCH = YES;
				"CODE_SIGN_IDENTITY[sdk=iphoneos*]" = "iPhone Developer";
				COPY_PHASE_STRIP = NO;
				DEBUG_INFORMATION_FORMAT = "dwarf-with-dsym";
				ENABLE_NS_ASSERTIONS = NO;
				ENABLE_STRICT_OBJC_MSGSEND = YES;
				GCC_C_LANGUAGE_STANDARD = gnu99;
				GCC_NO_COMMON_BLOCKS = YES;
				GCC_WARN_64_TO_32_BIT_CONVERSION = YES;
				GCC_WARN_ABOUT_RETURN_TYPE = YES_ERROR;
				GCC_WARN_UNDECLARED_SELECTOR = YES;
				GCC_WARN_UNINITIALIZED_AUTOS = YES_AGGRESSIVE;
				GCC_WARN_UNUSED_FUNCTION = YES;
				GCC_WARN_UNUSED_VARIABLE = YES;
				IPHONEOS_DEPLOYMENT_TARGET = 9.1;
				MTL_ENABLE_DEBUG_INFO = NO;
				SDKROOT = iphoneos;
				VALIDATE_PRODUCT = YES;
			};
			name = Release;
		};
		CF2535071C800DF10032131D /* Debug */ = {
			isa = XCBuildConfiguration;
			buildSettings = {
				ASSETCATALOG_COMPILER_APPICON_NAME = AppIcon;
				INFOPLIST_FILE = "第一次使用git/Info.plist";
				LD_RUNPATH_SEARCH_PATHS = "$(inherited) @executable_path/Frameworks";
				PRODUCT_BUNDLE_IDENTIFIER = "fzy.-----git";
				PRODUCT_NAME = "$(TARGET_NAME)";
			};
			name = Debug;
		};
		CF2535081C800DF10032131D /* Release */ = {
			isa = XCBuildConfiguration;
			buildSettings = {
				ASSETCATALOG_COMPILER_APPICON_NAME = AppIcon;
				INFOPLIST_FILE = "第一次使用git/Info.plist";
				LD_RUNPATH_SEARCH_PATHS = "$(inherited) @executable_path/Frameworks";
				PRODUCT_BUNDLE_IDENTIFIER = "fzy.-----git";
				PRODUCT_NAME = "$(TARGET_NAME)";
			};
			name = Release;
		};
		CF25350A1C800DF10032131D /* Debug */ = {
			isa = XCBuildConfiguration;
			buildSettings = {
				BUNDLE_LOADER = "$(TEST_HOST)";
				INFOPLIST_FILE = "第一次使用gitTests/Info.plist";
				LD_RUNPATH_SEARCH_PATHS = "$(inherited) @executable_path/Frameworks @loader_path/Frameworks";
				PRODUCT_BUNDLE_IDENTIFIER = "fzy.-----gitTests";
				PRODUCT_NAME = "$(TARGET_NAME)";
				TEST_HOST = "$(BUILT_PRODUCTS_DIR)/第一次使用git.app/第一次使用git";
			};
			name = Debug;
		};
		CF25350B1C800DF10032131D /* Release */ = {
			isa = XCBuildConfiguration;
			buildSettings = {
				BUNDLE_LOADER = "$(TEST_HOST)";
				INFOPLIST_FILE = "第一次使用gitTests/Info.plist";
				LD_RUNPATH_SEARCH_PATHS = "$(inherited) @executable_path/Frameworks @loader_path/Frameworks";
				PRODUCT_BUNDLE_IDENTIFIER = "fzy.-----gitTests";
				PRODUCT_NAME = "$(TARGET_NAME)";
				TEST_HOST = "$(BUILT_PRODUCTS_DIR)/第一次使用git.app/第一次使用git";
			};
			name = Release;
		};
		CF25350D1C800DF10032131D /* Debug */ = {
			isa = XCBuildConfiguration;
			buildSettings = {
				INFOPLIST_FILE = "第一次使用gitUITests/Info.plist";
				LD_RUNPATH_SEARCH_PATHS = "$(inherited) @executable_path/Frameworks @loader_path/Frameworks";
				PRODUCT_BUNDLE_IDENTIFIER = "fzy.-----gitUITests";
				PRODUCT_NAME = "$(TARGET_NAME)";
				TEST_TARGET_NAME = "第一次使用git";
				USES_XCTRUNNER = YES;
			};
			name = Debug;
		};
		CF25350E1C800DF10032131D /* Release */ = {
			isa = XCBuildConfiguration;
			buildSettings = {
				INFOPLIST_FILE = "第一次使用gitUITests/Info.plist";
				LD_RUNPATH_SEARCH_PATHS = "$(inherited) @executable_path/Frameworks @loader_path/Frameworks";
				PRODUCT_BUNDLE_IDENTIFIER = "fzy.-----gitUITests";
				PRODUCT_NAME = "$(TARGET_NAME)";
				TEST_TARGET_NAME = "第一次使用git";
				USES_XCTRUNNER = YES;
			};
			name = Release;
		};
/* End XCBuildConfiguration section */

/* Begin XCConfigurationList section */
		CF2534D41C800DF00032131D /* Build configuration list for PBXProject "第一次使用git" */ = {
			isa = XCConfigurationList;
			buildConfigurations = (
				CF2535041C800DF10032131D /* Debug */,
				CF2535051C800DF10032131D /* Release */,
			);
			defaultConfigurationIsVisible = 0;
			defaultConfigurationName = Release;
		};
		CF2535061C800DF10032131D /* Build configuration list for PBXNativeTarget "第一次使用git" */ = {
			isa = XCConfigurationList;
			buildConfigurations = (
				CF2535071C800DF10032131D /* Debug */,
				CF2535081C800DF10032131D /* Release */,
			);
			defaultConfigurationIsVisible = 0;
			defaultConfigurationName = Release;
		};
		CF2535091C800DF10032131D /* Build configuration list for PBXNativeTarget "第一次使用gitTests" */ = {
			isa = XCConfigurationList;
			buildConfigurations = (
				CF25350A1C800DF10032131D /* Debug */,
				CF25350B1C800DF10032131D /* Release */,
			);
			defaultConfigurationIsVisible = 0;
			defaultConfigurationName = Release;
		};
		CF25350C1C800DF10032131D /* Build configuration list for PBXNativeTarget "第一次使用gitUITests" */ = {
			isa = XCConfigurationList;
			buildConfigurations = (
				CF25350D1C800DF10032131D /* Debug */,
				CF25350E1C800DF10032131D /* Release */,
			);
			defaultConfigurationIsVisible = 0;
			defaultConfigurationName = Release;
		};
/* End XCConfigurationList section */
	};
	rootObject = CF2534D11C800DF00032131D /* Project object */;
}
